// !$*UTF8*$!
{
	archiveVersion = 1;
	classes = {
	};
	objectVersion = 77;
	objects = {

/* Begin PBXBuildFile section */
		09DD5E172CBEA51200D708A9 /* Charts.framework in Frameworks */ = {isa = PBXBuildFile; fileRef = 09DD5E162CBEA51200D708A9 /* Charts.framework */; };
		09FC4D4F2CB5231B00B5D31E /* Watchflows Watch App.app in Embed Watch Content */ = {isa = PBXBuildFile; fileRef = 09FC4D2C2CB5231A00B5D31E /* Watchflows Watch App.app */; settings = {ATTRIBUTES = (RemoveHeadersOnCopy, ); }; };
/* End PBXBuildFile section */

/* Begin PBXContainerItemProxy section */
		09EBD6FE2C92D01A00F05F4B /* PBXContainerItemProxy */ = {
			isa = PBXContainerItemProxy;
			containerPortal = 09EBD6E52C92D01800F05F4B /* Project object */;
			proxyType = 1;
			remoteGlobalIDString = 09EBD6EC2C92D01800F05F4B;
			remoteInfo = "n8n-workflows-ios";
		};
		09EBD7082C92D01A00F05F4B /* PBXContainerItemProxy */ = {
			isa = PBXContainerItemProxy;
			containerPortal = 09EBD6E52C92D01800F05F4B /* Project object */;
			proxyType = 1;
			remoteGlobalIDString = 09EBD6EC2C92D01800F05F4B;
			remoteInfo = "n8n-workflows-ios";
		};
		09FC4D3C2CB5231B00B5D31E /* PBXContainerItemProxy */ = {
			isa = PBXContainerItemProxy;
			containerPortal = 09EBD6E52C92D01800F05F4B /* Project object */;
			proxyType = 1;
			remoteGlobalIDString = 09FC4D2B2CB5231A00B5D31E;
			remoteInfo = "Watchflows Watch App";
		};
		09FC4D462CB5231B00B5D31E /* PBXContainerItemProxy */ = {
			isa = PBXContainerItemProxy;
			containerPortal = 09EBD6E52C92D01800F05F4B /* Project object */;
			proxyType = 1;
			remoteGlobalIDString = 09FC4D2B2CB5231A00B5D31E;
			remoteInfo = "Watchflows Watch App";
		};
		09FC4D4D2CB5231B00B5D31E /* PBXContainerItemProxy */ = {
			isa = PBXContainerItemProxy;
			containerPortal = 09EBD6E52C92D01800F05F4B /* Project object */;
			proxyType = 1;
			remoteGlobalIDString = 09FC4D2B2CB5231A00B5D31E;
			remoteInfo = "Watchflows Watch App";
		};
/* End PBXContainerItemProxy section */

/* Begin PBXCopyFilesBuildPhase section */
		09FC4D502CB5231B00B5D31E /* Embed Watch Content */ = {
			isa = PBXCopyFilesBuildPhase;
			buildActionMask = 2147483647;
			dstPath = "$(CONTENTS_FOLDER_PATH)/Watch";
			dstSubfolderSpec = 16;
			files = (
				09FC4D4F2CB5231B00B5D31E /* Watchflows Watch App.app in Embed Watch Content */,
			);
			name = "Embed Watch Content";
			runOnlyForDeploymentPostprocessing = 0;
		};
/* End PBXCopyFilesBuildPhase section */

/* Begin PBXFileReference section */
		09DD5E162CBEA51200D708A9 /* Charts.framework */ = {isa = PBXFileReference; lastKnownFileType = wrapper.framework; name = Charts.framework; path = System/Library/Frameworks/Charts.framework; sourceTree = SDKROOT; };
		09EBD6ED2C92D01800F05F4B /* n8n-workflows-ios.app */ = {isa = PBXFileReference; explicitFileType = wrapper.application; includeInIndex = 0; path = "n8n-workflows-ios.app"; sourceTree = BUILT_PRODUCTS_DIR; };
		09EBD6FD2C92D01A00F05F4B /* n8n-workflows-iosTests.xctest */ = {isa = PBXFileReference; explicitFileType = wrapper.cfbundle; includeInIndex = 0; path = "n8n-workflows-iosTests.xctest"; sourceTree = BUILT_PRODUCTS_DIR; };
		09EBD7072C92D01A00F05F4B /* n8n-workflows-iosUITests.xctest */ = {isa = PBXFileReference; explicitFileType = wrapper.cfbundle; includeInIndex = 0; path = "n8n-workflows-iosUITests.xctest"; sourceTree = BUILT_PRODUCTS_DIR; };
		09FC4D2C2CB5231A00B5D31E /* Watchflows Watch App.app */ = {isa = PBXFileReference; explicitFileType = wrapper.application; includeInIndex = 0; path = "Watchflows Watch App.app"; sourceTree = BUILT_PRODUCTS_DIR; };
		09FC4D3B2CB5231B00B5D31E /* Watchflows Watch AppTests.xctest */ = {isa = PBXFileReference; explicitFileType = wrapper.cfbundle; includeInIndex = 0; path = "Watchflows Watch AppTests.xctest"; sourceTree = BUILT_PRODUCTS_DIR; };
		09FC4D452CB5231B00B5D31E /* Watchflows Watch AppUITests.xctest */ = {isa = PBXFileReference; explicitFileType = wrapper.cfbundle; includeInIndex = 0; path = "Watchflows Watch AppUITests.xctest"; sourceTree = BUILT_PRODUCTS_DIR; };
/* End PBXFileReference section */

/* Begin PBXFileSystemSynchronizedBuildFileExceptionSet section */
		09295BBA2CAC6FA300BA4F56 /* Exceptions for "n8n-workflows-ios" folder in "n8n-workflows-ios" target */ = {
			isa = PBXFileSystemSynchronizedBuildFileExceptionSet;
			membershipExceptions = (
				Info.plist,
			);
			target = 09EBD6EC2C92D01800F05F4B /* n8n-workflows-ios */;
		};
		09FC4D5B2CB52F5100B5D31E /* Exceptions for "n8n-workflows-ios" folder in "Watchflows Watch App" target */ = {
			isa = PBXFileSystemSynchronizedBuildFileExceptionSet;
			membershipExceptions = (
				"Common/Extensions/Bundle+Version.swift",
				"Common/Extensions/Date+Formatter.swift",
				"Common/Extensions/Double+Formatter.swift",
				"Common/Extensions/String+Date.swift",
				"Common/Extensions/UserDefaults+Decodable.swift",
				Common/KeychainHelper.swift,
				Common/MyLogger.swift,
				Common/UserConfigurationManager.swift,
				Common/UserDefaultsHelper.swift,
				Data/DataResponse.swift,
				Data/HTTPClient.swift,
				Data/HTTPMethod.swift,
				Data/IgnoreFailure.swift,
				Data/WebhookRequest.swift,
				Data/WebhookResponse.swift,
				Data/WorkflowApiRequest.swift,
				Models/Execution.swift,
				Models/Project.swift,
				Models/Tag.swift,
				Models/Webhook.swift,
				Models/WebhookAuthType.swift,
				Models/Workflow.swift,
				ViewModels/MainViewModel.swift,
				ViewModels/MainViewModelProtocol.swift,
				ViewModels/MockMainViewModel.swift,
				ViewModels/MockWorkflowExecutionsViewModel.swift,
				ViewModels/WorkflowExecutionsViewModel.swift,
				ViewModels/WorkflowExecutionsViewProtocol.swift,
			);
			target = 09FC4D2B2CB5231A00B5D31E /* Watchflows Watch App */;
		};
/* End PBXFileSystemSynchronizedBuildFileExceptionSet section */

/* Begin PBXFileSystemSynchronizedRootGroup section */
		09EBD6EF2C92D01800F05F4B /* n8n-workflows-ios */ = {
			isa = PBXFileSystemSynchronizedRootGroup;
			exceptions = (
				09295BBA2CAC6FA300BA4F56 /* Exceptions for "n8n-workflows-ios" folder in "n8n-workflows-ios" target */,
				09FC4D5B2CB52F5100B5D31E /* Exceptions for "n8n-workflows-ios" folder in "Watchflows Watch App" target */,
			);
			path = "n8n-workflows-ios";
			sourceTree = "<group>";
		};
		09EBD7002C92D01A00F05F4B /* n8n-workflows-iosTests */ = {
			isa = PBXFileSystemSynchronizedRootGroup;
			path = "n8n-workflows-iosTests";
			sourceTree = "<group>";
		};
		09EBD70A2C92D01A00F05F4B /* n8n-workflows-iosUITests */ = {
			isa = PBXFileSystemSynchronizedRootGroup;
			path = "n8n-workflows-iosUITests";
			sourceTree = "<group>";
		};
		09FC4D2D2CB5231A00B5D31E /* Watchflows Watch App */ = {
			isa = PBXFileSystemSynchronizedRootGroup;
			path = "Watchflows Watch App";
			sourceTree = "<group>";
		};
		09FC4D3E2CB5231B00B5D31E /* Watchflows Watch AppTests */ = {
			isa = PBXFileSystemSynchronizedRootGroup;
			path = "Watchflows Watch AppTests";
			sourceTree = "<group>";
		};
		09FC4D482CB5231B00B5D31E /* Watchflows Watch AppUITests */ = {
			isa = PBXFileSystemSynchronizedRootGroup;
			path = "Watchflows Watch AppUITests";
			sourceTree = "<group>";
		};
/* End PBXFileSystemSynchronizedRootGroup section */

/* Begin PBXFrameworksBuildPhase section */
		09EBD6EA2C92D01800F05F4B /* Frameworks */ = {
			isa = PBXFrameworksBuildPhase;
			buildActionMask = 2147483647;
			files = (
				09DD5E172CBEA51200D708A9 /* Charts.framework in Frameworks */,
			);
			runOnlyForDeploymentPostprocessing = 0;
		};
		09EBD6FA2C92D01A00F05F4B /* Frameworks */ = {
			isa = PBXFrameworksBuildPhase;
			buildActionMask = 2147483647;
			files = (
			);
			runOnlyForDeploymentPostprocessing = 0;
		};
		09EBD7042C92D01A00F05F4B /* Frameworks */ = {
			isa = PBXFrameworksBuildPhase;
			buildActionMask = 2147483647;
			files = (
			);
			runOnlyForDeploymentPostprocessing = 0;
		};
		09FC4D292CB5231A00B5D31E /* Frameworks */ = {
			isa = PBXFrameworksBuildPhase;
			buildActionMask = 2147483647;
			files = (
			);
			runOnlyForDeploymentPostprocessing = 0;
		};
		09FC4D382CB5231B00B5D31E /* Frameworks */ = {
			isa = PBXFrameworksBuildPhase;
			buildActionMask = 2147483647;
			files = (
			);
			runOnlyForDeploymentPostprocessing = 0;
		};
		09FC4D422CB5231B00B5D31E /* Frameworks */ = {
			isa = PBXFrameworksBuildPhase;
			buildActionMask = 2147483647;
			files = (
			);
			runOnlyForDeploymentPostprocessing = 0;
		};
/* End PBXFrameworksBuildPhase section */

/* Begin PBXGroup section */
		09DD5E152CBEA51200D708A9 /* Frameworks */ = {
			isa = PBXGroup;
			children = (
				09DD5E162CBEA51200D708A9 /* Charts.framework */,
			);
			name = Frameworks;
			sourceTree = "<group>";
		};
		09EBD6E42C92D01800F05F4B = {
			isa = PBXGroup;
			children = (
				09EBD6EF2C92D01800F05F4B /* n8n-workflows-ios */,
				09EBD7002C92D01A00F05F4B /* n8n-workflows-iosTests */,
				09EBD70A2C92D01A00F05F4B /* n8n-workflows-iosUITests */,
				09FC4D2D2CB5231A00B5D31E /* Watchflows Watch App */,
				09FC4D3E2CB5231B00B5D31E /* Watchflows Watch AppTests */,
				09FC4D482CB5231B00B5D31E /* Watchflows Watch AppUITests */,
				09DD5E152CBEA51200D708A9 /* Frameworks */,
				09EBD6EE2C92D01800F05F4B /* Products */,
			);
			sourceTree = "<group>";
		};
		09EBD6EE2C92D01800F05F4B /* Products */ = {
			isa = PBXGroup;
			children = (
				09EBD6ED2C92D01800F05F4B /* n8n-workflows-ios.app */,
				09EBD6FD2C92D01A00F05F4B /* n8n-workflows-iosTests.xctest */,
				09EBD7072C92D01A00F05F4B /* n8n-workflows-iosUITests.xctest */,
				09FC4D2C2CB5231A00B5D31E /* Watchflows Watch App.app */,
				09FC4D3B2CB5231B00B5D31E /* Watchflows Watch AppTests.xctest */,
				09FC4D452CB5231B00B5D31E /* Watchflows Watch AppUITests.xctest */,
			);
			name = Products;
			sourceTree = "<group>";
		};
/* End PBXGroup section */

/* Begin PBXNativeTarget section */
		09EBD6EC2C92D01800F05F4B /* n8n-workflows-ios */ = {
			isa = PBXNativeTarget;
			buildConfigurationList = 09EBD7112C92D01A00F05F4B /* Build configuration list for PBXNativeTarget "n8n-workflows-ios" */;
			buildPhases = (
				09EBD6E92C92D01800F05F4B /* Sources */,
				09EBD6EA2C92D01800F05F4B /* Frameworks */,
				09EBD6EB2C92D01800F05F4B /* Resources */,
				09FC4D502CB5231B00B5D31E /* Embed Watch Content */,
			);
			buildRules = (
			);
			dependencies = (
				09FC4D4E2CB5231B00B5D31E /* PBXTargetDependency */,
			);
			fileSystemSynchronizedGroups = (
				09EBD6EF2C92D01800F05F4B /* n8n-workflows-ios */,
			);
			name = "n8n-workflows-ios";
			packageProductDependencies = (
			);
			productName = "n8n-workflows-ios";
			productReference = 09EBD6ED2C92D01800F05F4B /* n8n-workflows-ios.app */;
			productType = "com.apple.product-type.application";
		};
		09EBD6FC2C92D01A00F05F4B /* n8n-workflows-iosTests */ = {
			isa = PBXNativeTarget;
			buildConfigurationList = 09EBD7142C92D01A00F05F4B /* Build configuration list for PBXNativeTarget "n8n-workflows-iosTests" */;
			buildPhases = (
				09EBD6F92C92D01A00F05F4B /* Sources */,
				09EBD6FA2C92D01A00F05F4B /* Frameworks */,
				09EBD6FB2C92D01A00F05F4B /* Resources */,
			);
			buildRules = (
			);
			dependencies = (
				09EBD6FF2C92D01A00F05F4B /* PBXTargetDependency */,
			);
			fileSystemSynchronizedGroups = (
				09EBD7002C92D01A00F05F4B /* n8n-workflows-iosTests */,
			);
			name = "n8n-workflows-iosTests";
			packageProductDependencies = (
			);
			productName = "n8n-workflows-iosTests";
			productReference = 09EBD6FD2C92D01A00F05F4B /* n8n-workflows-iosTests.xctest */;
			productType = "com.apple.product-type.bundle.unit-test";
		};
		09EBD7062C92D01A00F05F4B /* n8n-workflows-iosUITests */ = {
			isa = PBXNativeTarget;
			buildConfigurationList = 09EBD7172C92D01A00F05F4B /* Build configuration list for PBXNativeTarget "n8n-workflows-iosUITests" */;
			buildPhases = (
				09EBD7032C92D01A00F05F4B /* Sources */,
				09EBD7042C92D01A00F05F4B /* Frameworks */,
				09EBD7052C92D01A00F05F4B /* Resources */,
			);
			buildRules = (
			);
			dependencies = (
				09EBD7092C92D01A00F05F4B /* PBXTargetDependency */,
			);
			fileSystemSynchronizedGroups = (
				09EBD70A2C92D01A00F05F4B /* n8n-workflows-iosUITests */,
			);
			name = "n8n-workflows-iosUITests";
			packageProductDependencies = (
			);
			productName = "n8n-workflows-iosUITests";
			productReference = 09EBD7072C92D01A00F05F4B /* n8n-workflows-iosUITests.xctest */;
			productType = "com.apple.product-type.bundle.ui-testing";
		};
		09FC4D2B2CB5231A00B5D31E /* Watchflows Watch App */ = {
			isa = PBXNativeTarget;
			buildConfigurationList = 09FC4D572CB5231B00B5D31E /* Build configuration list for PBXNativeTarget "Watchflows Watch App" */;
			buildPhases = (
				09FC4D282CB5231A00B5D31E /* Sources */,
				09FC4D292CB5231A00B5D31E /* Frameworks */,
				09FC4D2A2CB5231A00B5D31E /* Resources */,
			);
			buildRules = (
			);
			dependencies = (
			);
			fileSystemSynchronizedGroups = (
				09FC4D2D2CB5231A00B5D31E /* Watchflows Watch App */,
			);
			name = "Watchflows Watch App";
			packageProductDependencies = (
			);
			productName = "Watchflows Watch App";
			productReference = 09FC4D2C2CB5231A00B5D31E /* Watchflows Watch App.app */;
			productType = "com.apple.product-type.application";
		};
		09FC4D3A2CB5231B00B5D31E /* Watchflows Watch AppTests */ = {
			isa = PBXNativeTarget;
			buildConfigurationList = 09FC4D582CB5231B00B5D31E /* Build configuration list for PBXNativeTarget "Watchflows Watch AppTests" */;
			buildPhases = (
				09FC4D372CB5231B00B5D31E /* Sources */,
				09FC4D382CB5231B00B5D31E /* Frameworks */,
				09FC4D392CB5231B00B5D31E /* Resources */,
			);
			buildRules = (
			);
			dependencies = (
				09FC4D3D2CB5231B00B5D31E /* PBXTargetDependency */,
			);
			fileSystemSynchronizedGroups = (
				09FC4D3E2CB5231B00B5D31E /* Watchflows Watch AppTests */,
			);
			name = "Watchflows Watch AppTests";
			packageProductDependencies = (
			);
			productName = "Watchflows Watch AppTests";
			productReference = 09FC4D3B2CB5231B00B5D31E /* Watchflows Watch AppTests.xctest */;
			productType = "com.apple.product-type.bundle.unit-test";
		};
		09FC4D442CB5231B00B5D31E /* Watchflows Watch AppUITests */ = {
			isa = PBXNativeTarget;
			buildConfigurationList = 09FC4D592CB5231B00B5D31E /* Build configuration list for PBXNativeTarget "Watchflows Watch AppUITests" */;
			buildPhases = (
				09FC4D412CB5231B00B5D31E /* Sources */,
				09FC4D422CB5231B00B5D31E /* Frameworks */,
				09FC4D432CB5231B00B5D31E /* Resources */,
			);
			buildRules = (
			);
			dependencies = (
				09FC4D472CB5231B00B5D31E /* PBXTargetDependency */,
			);
			fileSystemSynchronizedGroups = (
				09FC4D482CB5231B00B5D31E /* Watchflows Watch AppUITests */,
			);
			name = "Watchflows Watch AppUITests";
			packageProductDependencies = (
			);
			productName = "Watchflows Watch AppUITests";
			productReference = 09FC4D452CB5231B00B5D31E /* Watchflows Watch AppUITests.xctest */;
			productType = "com.apple.product-type.bundle.ui-testing";
		};
/* End PBXNativeTarget section */

/* Begin PBXProject section */
		09EBD6E52C92D01800F05F4B /* Project object */ = {
			isa = PBXProject;
			attributes = {
				BuildIndependentTargetsInParallel = 1;
				LastSwiftUpdateCheck = 1600;
				LastUpgradeCheck = 1600;
				TargetAttributes = {
					09EBD6EC2C92D01800F05F4B = {
						CreatedOnToolsVersion = 16.0;
					};
					09EBD6FC2C92D01A00F05F4B = {
						CreatedOnToolsVersion = 16.0;
						TestTargetID = 09EBD6EC2C92D01800F05F4B;
					};
					09EBD7062C92D01A00F05F4B = {
						CreatedOnToolsVersion = 16.0;
						TestTargetID = 09EBD6EC2C92D01800F05F4B;
					};
					09FC4D2B2CB5231A00B5D31E = {
						CreatedOnToolsVersion = 16.0;
					};
					09FC4D3A2CB5231B00B5D31E = {
						CreatedOnToolsVersion = 16.0;
						TestTargetID = 09FC4D2B2CB5231A00B5D31E;
					};
					09FC4D442CB5231B00B5D31E = {
						CreatedOnToolsVersion = 16.0;
						TestTargetID = 09FC4D2B2CB5231A00B5D31E;
					};
				};
			};
			buildConfigurationList = 09EBD6E82C92D01800F05F4B /* Build configuration list for PBXProject "n8n-workflows-ios" */;
			developmentRegion = en;
			hasScannedForEncodings = 0;
			knownRegions = (
				en,
				Base,
				es,
			);
			mainGroup = 09EBD6E42C92D01800F05F4B;
			minimizedProjectReferenceProxies = 1;
			preferredProjectObjectVersion = 77;
			productRefGroup = 09EBD6EE2C92D01800F05F4B /* Products */;
			projectDirPath = "";
			projectRoot = "";
			targets = (
				09EBD6EC2C92D01800F05F4B /* n8n-workflows-ios */,
				09EBD6FC2C92D01A00F05F4B /* n8n-workflows-iosTests */,
				09EBD7062C92D01A00F05F4B /* n8n-workflows-iosUITests */,
				09FC4D2B2CB5231A00B5D31E /* Watchflows Watch App */,
				09FC4D3A2CB5231B00B5D31E /* Watchflows Watch AppTests */,
				09FC4D442CB5231B00B5D31E /* Watchflows Watch AppUITests */,
			);
		};
/* End PBXProject section */

/* Begin PBXResourcesBuildPhase section */
		09EBD6EB2C92D01800F05F4B /* Resources */ = {
			isa = PBXResourcesBuildPhase;
			buildActionMask = 2147483647;
			files = (
			);
			runOnlyForDeploymentPostprocessing = 0;
		};
		09EBD6FB2C92D01A00F05F4B /* Resources */ = {
			isa = PBXResourcesBuildPhase;
			buildActionMask = 2147483647;
			files = (
			);
			runOnlyForDeploymentPostprocessing = 0;
		};
		09EBD7052C92D01A00F05F4B /* Resources */ = {
			isa = PBXResourcesBuildPhase;
			buildActionMask = 2147483647;
			files = (
			);
			runOnlyForDeploymentPostprocessing = 0;
		};
		09FC4D2A2CB5231A00B5D31E /* Resources */ = {
			isa = PBXResourcesBuildPhase;
			buildActionMask = 2147483647;
			files = (
			);
			runOnlyForDeploymentPostprocessing = 0;
		};
		09FC4D392CB5231B00B5D31E /* Resources */ = {
			isa = PBXResourcesBuildPhase;
			buildActionMask = 2147483647;
			files = (
			);
			runOnlyForDeploymentPostprocessing = 0;
		};
		09FC4D432CB5231B00B5D31E /* Resources */ = {
			isa = PBXResourcesBuildPhase;
			buildActionMask = 2147483647;
			files = (
			);
			runOnlyForDeploymentPostprocessing = 0;
		};
/* End PBXResourcesBuildPhase section */

/* Begin PBXSourcesBuildPhase section */
		09EBD6E92C92D01800F05F4B /* Sources */ = {
			isa = PBXSourcesBuildPhase;
			buildActionMask = 2147483647;
			files = (
			);
			runOnlyForDeploymentPostprocessing = 0;
		};
		09EBD6F92C92D01A00F05F4B /* Sources */ = {
			isa = PBXSourcesBuildPhase;
			buildActionMask = 2147483647;
			files = (
			);
			runOnlyForDeploymentPostprocessing = 0;
		};
		09EBD7032C92D01A00F05F4B /* Sources */ = {
			isa = PBXSourcesBuildPhase;
			buildActionMask = 2147483647;
			files = (
			);
			runOnlyForDeploymentPostprocessing = 0;
		};
		09FC4D282CB5231A00B5D31E /* Sources */ = {
			isa = PBXSourcesBuildPhase;
			buildActionMask = 2147483647;
			files = (
			);
			runOnlyForDeploymentPostprocessing = 0;
		};
		09FC4D372CB5231B00B5D31E /* Sources */ = {
			isa = PBXSourcesBuildPhase;
			buildActionMask = 2147483647;
			files = (
			);
			runOnlyForDeploymentPostprocessing = 0;
		};
		09FC4D412CB5231B00B5D31E /* Sources */ = {
			isa = PBXSourcesBuildPhase;
			buildActionMask = 2147483647;
			files = (
			);
			runOnlyForDeploymentPostprocessing = 0;
		};
/* End PBXSourcesBuildPhase section */

/* Begin PBXTargetDependency section */
		09EBD6FF2C92D01A00F05F4B /* PBXTargetDependency */ = {
			isa = PBXTargetDependency;
			target = 09EBD6EC2C92D01800F05F4B /* n8n-workflows-ios */;
			targetProxy = 09EBD6FE2C92D01A00F05F4B /* PBXContainerItemProxy */;
		};
		09EBD7092C92D01A00F05F4B /* PBXTargetDependency */ = {
			isa = PBXTargetDependency;
			target = 09EBD6EC2C92D01800F05F4B /* n8n-workflows-ios */;
			targetProxy = 09EBD7082C92D01A00F05F4B /* PBXContainerItemProxy */;
		};
		09FC4D3D2CB5231B00B5D31E /* PBXTargetDependency */ = {
			isa = PBXTargetDependency;
			target = 09FC4D2B2CB5231A00B5D31E /* Watchflows Watch App */;
			targetProxy = 09FC4D3C2CB5231B00B5D31E /* PBXContainerItemProxy */;
		};
		09FC4D472CB5231B00B5D31E /* PBXTargetDependency */ = {
			isa = PBXTargetDependency;
			target = 09FC4D2B2CB5231A00B5D31E /* Watchflows Watch App */;
			targetProxy = 09FC4D462CB5231B00B5D31E /* PBXContainerItemProxy */;
		};
		09FC4D4E2CB5231B00B5D31E /* PBXTargetDependency */ = {
			isa = PBXTargetDependency;
			target = 09FC4D2B2CB5231A00B5D31E /* Watchflows Watch App */;
			targetProxy = 09FC4D4D2CB5231B00B5D31E /* PBXContainerItemProxy */;
		};
/* End PBXTargetDependency section */

/* Begin XCBuildConfiguration section */
		09EBD70F2C92D01A00F05F4B /* Debug */ = {
			isa = XCBuildConfiguration;
			buildSettings = {
				ALWAYS_SEARCH_USER_PATHS = NO;
				ASSETCATALOG_COMPILER_GENERATE_SWIFT_ASSET_SYMBOL_EXTENSIONS = YES;
				CLANG_ANALYZER_NONNULL = YES;
				CLANG_ANALYZER_NUMBER_OBJECT_CONVERSION = YES_AGGRESSIVE;
				CLANG_CXX_LANGUAGE_STANDARD = "gnu++20";
				CLANG_ENABLE_MODULES = YES;
				CLANG_ENABLE_OBJC_ARC = YES;
				CLANG_ENABLE_OBJC_WEAK = YES;
				CLANG_WARN_BLOCK_CAPTURE_AUTORELEASING = YES;
				CLANG_WARN_BOOL_CONVERSION = YES;
				CLANG_WARN_COMMA = YES;
				CLANG_WARN_CONSTANT_CONVERSION = YES;
				CLANG_WARN_DEPRECATED_OBJC_IMPLEMENTATIONS = YES;
				CLANG_WARN_DIRECT_OBJC_ISA_USAGE = YES_ERROR;
				CLANG_WARN_DOCUMENTATION_COMMENTS = YES;
				CLANG_WARN_EMPTY_BODY = YES;
				CLANG_WARN_ENUM_CONVERSION = YES;
				CLANG_WARN_INFINITE_RECURSION = YES;
				CLANG_WARN_INT_CONVERSION = YES;
				CLANG_WARN_NON_LITERAL_NULL_CONVERSION = YES;
				CLANG_WARN_OBJC_IMPLICIT_RETAIN_SELF = YES;
				CLANG_WARN_OBJC_LITERAL_CONVERSION = YES;
				CLANG_WARN_OBJC_ROOT_CLASS = YES_ERROR;
				CLANG_WARN_QUOTED_INCLUDE_IN_FRAMEWORK_HEADER = YES;
				CLANG_WARN_RANGE_LOOP_ANALYSIS = YES;
				CLANG_WARN_STRICT_PROTOTYPES = YES;
				CLANG_WARN_SUSPICIOUS_MOVE = YES;
				CLANG_WARN_UNGUARDED_AVAILABILITY = YES_AGGRESSIVE;
				CLANG_WARN_UNREACHABLE_CODE = YES;
				CLANG_WARN__DUPLICATE_METHOD_MATCH = YES;
				COPY_PHASE_STRIP = NO;
				DEBUG_INFORMATION_FORMAT = dwarf;
				ENABLE_STRICT_OBJC_MSGSEND = YES;
				ENABLE_TESTABILITY = YES;
				ENABLE_USER_SCRIPT_SANDBOXING = YES;
				GCC_C_LANGUAGE_STANDARD = gnu17;
				GCC_DYNAMIC_NO_PIC = NO;
				GCC_NO_COMMON_BLOCKS = YES;
				GCC_OPTIMIZATION_LEVEL = 0;
				GCC_PREPROCESSOR_DEFINITIONS = (
					"DEBUG=1",
					"$(inherited)",
				);
				GCC_WARN_64_TO_32_BIT_CONVERSION = YES;
				GCC_WARN_ABOUT_RETURN_TYPE = YES_ERROR;
				GCC_WARN_UNDECLARED_SELECTOR = YES;
				GCC_WARN_UNINITIALIZED_AUTOS = YES_AGGRESSIVE;
				GCC_WARN_UNUSED_FUNCTION = YES;
				GCC_WARN_UNUSED_VARIABLE = YES;
				IPHONEOS_DEPLOYMENT_TARGET = 16.6;
				LOCALIZATION_PREFERS_STRING_CATALOGS = YES;
				MTL_ENABLE_DEBUG_INFO = INCLUDE_SOURCE;
				MTL_FAST_MATH = YES;
				ONLY_ACTIVE_ARCH = YES;
				SDKROOT = iphoneos;
				SWIFT_ACTIVE_COMPILATION_CONDITIONS = "DEBUG $(inherited)";
				SWIFT_EMIT_LOC_STRINGS = YES;
				SWIFT_OPTIMIZATION_LEVEL = "-Onone";
			};
			name = Debug;
		};
		09EBD7102C92D01A00F05F4B /* Release */ = {
			isa = XCBuildConfiguration;
			buildSettings = {
				ALWAYS_SEARCH_USER_PATHS = NO;
				ASSETCATALOG_COMPILER_GENERATE_SWIFT_ASSET_SYMBOL_EXTENSIONS = YES;
				CLANG_ANALYZER_NONNULL = YES;
				CLANG_ANALYZER_NUMBER_OBJECT_CONVERSION = YES_AGGRESSIVE;
				CLANG_CXX_LANGUAGE_STANDARD = "gnu++20";
				CLANG_ENABLE_MODULES = YES;
				CLANG_ENABLE_OBJC_ARC = YES;
				CLANG_ENABLE_OBJC_WEAK = YES;
				CLANG_WARN_BLOCK_CAPTURE_AUTORELEASING = YES;
				CLANG_WARN_BOOL_CONVERSION = YES;
				CLANG_WARN_COMMA = YES;
				CLANG_WARN_CONSTANT_CONVERSION = YES;
				CLANG_WARN_DEPRECATED_OBJC_IMPLEMENTATIONS = YES;
				CLANG_WARN_DIRECT_OBJC_ISA_USAGE = YES_ERROR;
				CLANG_WARN_DOCUMENTATION_COMMENTS = YES;
				CLANG_WARN_EMPTY_BODY = YES;
				CLANG_WARN_ENUM_CONVERSION = YES;
				CLANG_WARN_INFINITE_RECURSION = YES;
				CLANG_WARN_INT_CONVERSION = YES;
				CLANG_WARN_NON_LITERAL_NULL_CONVERSION = YES;
				CLANG_WARN_OBJC_IMPLICIT_RETAIN_SELF = YES;
				CLANG_WARN_OBJC_LITERAL_CONVERSION = YES;
				CLANG_WARN_OBJC_ROOT_CLASS = YES_ERROR;
				CLANG_WARN_QUOTED_INCLUDE_IN_FRAMEWORK_HEADER = YES;
				CLANG_WARN_RANGE_LOOP_ANALYSIS = YES;
				CLANG_WARN_STRICT_PROTOTYPES = YES;
				CLANG_WARN_SUSPICIOUS_MOVE = YES;
				CLANG_WARN_UNGUARDED_AVAILABILITY = YES_AGGRESSIVE;
				CLANG_WARN_UNREACHABLE_CODE = YES;
				CLANG_WARN__DUPLICATE_METHOD_MATCH = YES;
				COPY_PHASE_STRIP = NO;
				DEBUG_INFORMATION_FORMAT = "dwarf-with-dsym";
				ENABLE_NS_ASSERTIONS = NO;
				ENABLE_STRICT_OBJC_MSGSEND = YES;
				ENABLE_USER_SCRIPT_SANDBOXING = YES;
				GCC_C_LANGUAGE_STANDARD = gnu17;
				GCC_NO_COMMON_BLOCKS = YES;
				GCC_WARN_64_TO_32_BIT_CONVERSION = YES;
				GCC_WARN_ABOUT_RETURN_TYPE = YES_ERROR;
				GCC_WARN_UNDECLARED_SELECTOR = YES;
				GCC_WARN_UNINITIALIZED_AUTOS = YES_AGGRESSIVE;
				GCC_WARN_UNUSED_FUNCTION = YES;
				GCC_WARN_UNUSED_VARIABLE = YES;
				IPHONEOS_DEPLOYMENT_TARGET = 16.6;
				LOCALIZATION_PREFERS_STRING_CATALOGS = YES;
				MTL_ENABLE_DEBUG_INFO = NO;
				MTL_FAST_MATH = YES;
				SDKROOT = iphoneos;
				SWIFT_COMPILATION_MODE = wholemodule;
				SWIFT_EMIT_LOC_STRINGS = YES;
				VALIDATE_PRODUCT = YES;
			};
			name = Release;
		};
		09EBD7122C92D01A00F05F4B /* Debug */ = {
			isa = XCBuildConfiguration;
			buildSettings = {
				ASSETCATALOG_COMPILER_APPICON_NAME = AppIcon;
				ASSETCATALOG_COMPILER_GLOBAL_ACCENT_COLOR_NAME = AccentColor;
				CODE_SIGN_ENTITLEMENTS = "n8n-workflows-ios/n8n-workflows-ios.entitlements";
				CODE_SIGN_STYLE = Automatic;
				CURRENT_PROJECT_VERSION = 9;
				DEVELOPMENT_ASSET_PATHS = "\"n8n-workflows-ios/Preview Content\"";
				DEVELOPMENT_TEAM = ZR272F7CTF;
				ENABLE_PREVIEWS = YES;
				GENERATE_INFOPLIST_FILE = YES;
				INFOPLIST_FILE = "n8n-workflows-ios/Info.plist";
				INFOPLIST_KEY_CFBundleDisplayName = "n-eight-n Workflows";
				INFOPLIST_KEY_LSApplicationCategoryType = "public.app-category.productivity";
				INFOPLIST_KEY_UIApplicationSceneManifest_Generation = YES;
				INFOPLIST_KEY_UIApplicationSupportsIndirectInputEvents = YES;
				INFOPLIST_KEY_UILaunchScreen_Generation = YES;
				INFOPLIST_KEY_UISupportedInterfaceOrientations = UIInterfaceOrientationPortrait;
				IPHONEOS_DEPLOYMENT_TARGET = 17.6;
				LD_RUNPATH_SEARCH_PATHS = (
					"$(inherited)",
					"@executable_path/Frameworks",
				);
				MARKETING_VERSION = 1.4.1;
				PRODUCT_BUNDLE_IDENTIFIER = "com.mgarciate.n8n-workflows";
				PRODUCT_NAME = "$(TARGET_NAME)";
				SUPPORTED_PLATFORMS = "iphoneos iphonesimulator";
				SUPPORTS_MACCATALYST = NO;
				SUPPORTS_MAC_DESIGNED_FOR_IPHONE_IPAD = NO;
				SUPPORTS_XR_DESIGNED_FOR_IPHONE_IPAD = NO;
				SWIFT_EMIT_LOC_STRINGS = YES;
				SWIFT_VERSION = 5.0;
				TARGETED_DEVICE_FAMILY = 1;
			};
			name = Debug;
		};
		09EBD7132C92D01A00F05F4B /* Release */ = {
			isa = XCBuildConfiguration;
			buildSettings = {
				ASSETCATALOG_COMPILER_APPICON_NAME = AppIcon;
				ASSETCATALOG_COMPILER_GLOBAL_ACCENT_COLOR_NAME = AccentColor;
				CODE_SIGN_ENTITLEMENTS = "n8n-workflows-ios/n8n-workflows-ios.entitlements";
				CODE_SIGN_STYLE = Automatic;
				CURRENT_PROJECT_VERSION = 9;
				DEVELOPMENT_ASSET_PATHS = "\"n8n-workflows-ios/Preview Content\"";
				DEVELOPMENT_TEAM = ZR272F7CTF;
				ENABLE_PREVIEWS = YES;
				GENERATE_INFOPLIST_FILE = YES;
				INFOPLIST_FILE = "n8n-workflows-ios/Info.plist";
				INFOPLIST_KEY_CFBundleDisplayName = "n-eight-n Workflows";
				INFOPLIST_KEY_LSApplicationCategoryType = "public.app-category.productivity";
				INFOPLIST_KEY_UIApplicationSceneManifest_Generation = YES;
				INFOPLIST_KEY_UIApplicationSupportsIndirectInputEvents = YES;
				INFOPLIST_KEY_UILaunchScreen_Generation = YES;
				INFOPLIST_KEY_UISupportedInterfaceOrientations = UIInterfaceOrientationPortrait;
				IPHONEOS_DEPLOYMENT_TARGET = 17.6;
				LD_RUNPATH_SEARCH_PATHS = (
					"$(inherited)",
					"@executable_path/Frameworks",
				);
				MARKETING_VERSION = 1.4.1;
				PRODUCT_BUNDLE_IDENTIFIER = "com.mgarciate.n8n-workflows";
				PRODUCT_NAME = "$(TARGET_NAME)";
				SUPPORTED_PLATFORMS = "iphoneos iphonesimulator";
				SUPPORTS_MACCATALYST = NO;
				SUPPORTS_MAC_DESIGNED_FOR_IPHONE_IPAD = NO;
				SUPPORTS_XR_DESIGNED_FOR_IPHONE_IPAD = NO;
				SWIFT_EMIT_LOC_STRINGS = YES;
				SWIFT_VERSION = 5.0;
				TARGETED_DEVICE_FAMILY = 1;
			};
			name = Release;
		};
		09EBD7152C92D01A00F05F4B /* Debug */ = {
			isa = XCBuildConfiguration;
			buildSettings = {
				BUNDLE_LOADER = "$(TEST_HOST)";
				CODE_SIGN_STYLE = Automatic;
				CURRENT_PROJECT_VERSION = 1;
				DEVELOPMENT_TEAM = M3XA3ETRDV;
				GENERATE_INFOPLIST_FILE = YES;
				IPHONEOS_DEPLOYMENT_TARGET = 17.6;
				MARKETING_VERSION = 1.0;
				PRODUCT_BUNDLE_IDENTIFIER = "es.mgarciate.n8n-workflows-iosTests";
				PRODUCT_NAME = "$(TARGET_NAME)";
				SWIFT_EMIT_LOC_STRINGS = NO;
				SWIFT_VERSION = 5.0;
				TARGETED_DEVICE_FAMILY = "1,2";
				TEST_HOST = "$(BUILT_PRODUCTS_DIR)/n8n-workflows-ios.app/$(BUNDLE_EXECUTABLE_FOLDER_PATH)/n8n-workflows-ios";
			};
			name = Debug;
		};
		09EBD7162C92D01A00F05F4B /* Release */ = {
			isa = XCBuildConfiguration;
			buildSettings = {
				BUNDLE_LOADER = "$(TEST_HOST)";
				CODE_SIGN_STYLE = Automatic;
				CURRENT_PROJECT_VERSION = 1;
				DEVELOPMENT_TEAM = M3XA3ETRDV;
				GENERATE_INFOPLIST_FILE = YES;
				IPHONEOS_DEPLOYMENT_TARGET = 17.6;
				MARKETING_VERSION = 1.0;
				PRODUCT_BUNDLE_IDENTIFIER = "es.mgarciate.n8n-workflows-iosTests";
				PRODUCT_NAME = "$(TARGET_NAME)";
				SWIFT_EMIT_LOC_STRINGS = NO;
				SWIFT_VERSION = 5.0;
				TARGETED_DEVICE_FAMILY = "1,2";
				TEST_HOST = "$(BUILT_PRODUCTS_DIR)/n8n-workflows-ios.app/$(BUNDLE_EXECUTABLE_FOLDER_PATH)/n8n-workflows-ios";
			};
			name = Release;
		};
		09EBD7182C92D01A00F05F4B /* Debug */ = {
			isa = XCBuildConfiguration;
			buildSettings = {
				CODE_SIGN_STYLE = Automatic;
				CURRENT_PROJECT_VERSION = 1;
				DEVELOPMENT_TEAM = M3XA3ETRDV;
				GENERATE_INFOPLIST_FILE = YES;
				IPHONEOS_DEPLOYMENT_TARGET = 17.6;
				MARKETING_VERSION = 1.0;
				PRODUCT_BUNDLE_IDENTIFIER = "es.mgarciate.n8n-workflows-iosUITests";
				PRODUCT_NAME = "$(TARGET_NAME)";
				SWIFT_EMIT_LOC_STRINGS = NO;
				SWIFT_VERSION = 5.0;
				TARGETED_DEVICE_FAMILY = "1,2";
				TEST_TARGET_NAME = "n8n-workflows-ios";
			};
			name = Debug;
		};
		09EBD7192C92D01A00F05F4B /* Release */ = {
			isa = XCBuildConfiguration;
			buildSettings = {
				CODE_SIGN_STYLE = Automatic;
				CURRENT_PROJECT_VERSION = 1;
				DEVELOPMENT_TEAM = M3XA3ETRDV;
				GENERATE_INFOPLIST_FILE = YES;
				IPHONEOS_DEPLOYMENT_TARGET = 17.6;
				MARKETING_VERSION = 1.0;
				PRODUCT_BUNDLE_IDENTIFIER = "es.mgarciate.n8n-workflows-iosUITests";
				PRODUCT_NAME = "$(TARGET_NAME)";
				SWIFT_EMIT_LOC_STRINGS = NO;
				SWIFT_VERSION = 5.0;
				TARGETED_DEVICE_FAMILY = "1,2";
				TEST_TARGET_NAME = "n8n-workflows-ios";
			};
			name = Release;
		};
		09FC4D512CB5231B00B5D31E /* Debug */ = {
			isa = XCBuildConfiguration;
			buildSettings = {
				ASSETCATALOG_COMPILER_APPICON_NAME = AppIcon;
				ASSETCATALOG_COMPILER_GLOBAL_ACCENT_COLOR_NAME = AccentColor;
				CODE_SIGN_ENTITLEMENTS = "Watchflows Watch App/Watchflows Watch App.entitlements";
				CODE_SIGN_STYLE = Automatic;
				CURRENT_PROJECT_VERSION = 9;
				DEVELOPMENT_ASSET_PATHS = "\"Watchflows Watch App/Preview Content\"";
				DEVELOPMENT_TEAM = ZR272F7CTF;
				ENABLE_PREVIEWS = YES;
				GENERATE_INFOPLIST_FILE = YES;
				INFOPLIST_FILE = "Watchflows-Watch-App-Info.plist";
				INFOPLIST_KEY_CFBundleDisplayName = "n-eight-n Watchflows";
				INFOPLIST_KEY_UISupportedInterfaceOrientations = "UIInterfaceOrientationPortrait UIInterfaceOrientationPortraitUpsideDown";
				INFOPLIST_KEY_WKCompanionAppBundleIdentifier = "com.mgarciate.n8n-workflows";
				LD_RUNPATH_SEARCH_PATHS = (
					"$(inherited)",
					"@executable_path/Frameworks",
				);
				MARKETING_VERSION = 1.4.1;
				PRODUCT_BUNDLE_IDENTIFIER = "com.mgarciate.n8n-workflows.watchkitapp";
				PRODUCT_NAME = "$(TARGET_NAME)";
				SDKROOT = watchos;
				SKIP_INSTALL = YES;
				SWIFT_EMIT_LOC_STRINGS = YES;
				SWIFT_VERSION = 5.0;
				TARGETED_DEVICE_FAMILY = 4;
				WATCHOS_DEPLOYMENT_TARGET = 10.6;
			};
			name = Debug;
		};
		09FC4D522CB5231B00B5D31E /* Release */ = {
			isa = XCBuildConfiguration;
			buildSettings = {
				ASSETCATALOG_COMPILER_APPICON_NAME = AppIcon;
				ASSETCATALOG_COMPILER_GLOBAL_ACCENT_COLOR_NAME = AccentColor;
				CODE_SIGN_ENTITLEMENTS = "Watchflows Watch App/Watchflows Watch App.entitlements";
				CODE_SIGN_STYLE = Automatic;
				CURRENT_PROJECT_VERSION = 9;
				DEVELOPMENT_ASSET_PATHS = "\"Watchflows Watch App/Preview Content\"";
				DEVELOPMENT_TEAM = ZR272F7CTF;
				ENABLE_PREVIEWS = YES;
				GENERATE_INFOPLIST_FILE = YES;
				INFOPLIST_FILE = "Watchflows-Watch-App-Info.plist";
				INFOPLIST_KEY_CFBundleDisplayName = "n-eight-n Watchflows";
				INFOPLIST_KEY_UISupportedInterfaceOrientations = "UIInterfaceOrientationPortrait UIInterfaceOrientationPortraitUpsideDown";
				INFOPLIST_KEY_WKCompanionAppBundleIdentifier = "com.mgarciate.n8n-workflows";
				LD_RUNPATH_SEARCH_PATHS = (
					"$(inherited)",
					"@executable_path/Frameworks",
				);
				MARKETING_VERSION = 1.4.1;
				PRODUCT_BUNDLE_IDENTIFIER = "com.mgarciate.n8n-workflows.watchkitapp";
				PRODUCT_NAME = "$(TARGET_NAME)";
				SDKROOT = watchos;
				SKIP_INSTALL = YES;
				SWIFT_EMIT_LOC_STRINGS = YES;
				SWIFT_VERSION = 5.0;
				TARGETED_DEVICE_FAMILY = 4;
				WATCHOS_DEPLOYMENT_TARGET = 10.6;
			};
			name = Release;
		};
		09FC4D532CB5231B00B5D31E /* Debug */ = {
			isa = XCBuildConfiguration;
			buildSettings = {
				BUNDLE_LOADER = "$(TEST_HOST)";
				CODE_SIGN_STYLE = Automatic;
				CURRENT_PROJECT_VERSION = 1;
				DEVELOPMENT_TEAM = M3XA3ETRDV;
				GENERATE_INFOPLIST_FILE = YES;
				MARKETING_VERSION = 1.0;
				PRODUCT_BUNDLE_IDENTIFIER = "com.mgarciate.n8n-workflows.watchkitapp.Watchflows-Watch-AppTests";
				PRODUCT_NAME = "$(TARGET_NAME)";
				SDKROOT = watchos;
				SWIFT_EMIT_LOC_STRINGS = NO;
				SWIFT_VERSION = 5.0;
				TARGETED_DEVICE_FAMILY = 4;
				TEST_HOST = "$(BUILT_PRODUCTS_DIR)/Watchflows Watch App.app/$(BUNDLE_EXECUTABLE_FOLDER_PATH)/Watchflows Watch App";
				WATCHOS_DEPLOYMENT_TARGET = 11.0;
			};
			name = Debug;
		};
		09FC4D542CB5231B00B5D31E /* Release */ = {
			isa = XCBuildConfiguration;
			buildSettings = {
				BUNDLE_LOADER = "$(TEST_HOST)";
				CODE_SIGN_STYLE = Automatic;
				CURRENT_PROJECT_VERSION = 1;
				DEVELOPMENT_TEAM = M3XA3ETRDV;
				GENERATE_INFOPLIST_FILE = YES;
				MARKETING_VERSION = 1.0;
				PRODUCT_BUNDLE_IDENTIFIER = "com.mgarciate.n8n-workflows.watchkitapp.Watchflows-Watch-AppTests";
				PRODUCT_NAME = "$(TARGET_NAME)";
				SDKROOT = watchos;
				SWIFT_EMIT_LOC_STRINGS = NO;
				SWIFT_VERSION = 5.0;
				TARGETED_DEVICE_FAMILY = 4;
				TEST_HOST = "$(BUILT_PRODUCTS_DIR)/Watchflows Watch App.app/$(BUNDLE_EXECUTABLE_FOLDER_PATH)/Watchflows Watch App";
				WATCHOS_DEPLOYMENT_TARGET = 11.0;
			};
			name = Release;
		};
		09FC4D552CB5231B00B5D31E /* Debug */ = {
			isa = XCBuildConfiguration;
			buildSettings = {
				CODE_SIGN_STYLE = Automatic;
				CURRENT_PROJECT_VERSION = 1;
				DEVELOPMENT_TEAM = M3XA3ETRDV;
				GENERATE_INFOPLIST_FILE = YES;
				MARKETING_VERSION = 1.0;
				PRODUCT_BUNDLE_IDENTIFIER = "com.mgarciate.n8n-workflows.watchkitapp.Watchflows-Watch-AppUITests";
				PRODUCT_NAME = "$(TARGET_NAME)";
				SDKROOT = watchos;
				SWIFT_EMIT_LOC_STRINGS = NO;
				SWIFT_VERSION = 5.0;
				TARGETED_DEVICE_FAMILY = 4;
				TEST_TARGET_NAME = "Watchflows Watch App";
				WATCHOS_DEPLOYMENT_TARGET = 11.0;
			};
			name = Debug;
		};
		09FC4D562CB5231B00B5D31E /* Release */ = {
			isa = XCBuildConfiguration;
			buildSettings = {
				CODE_SIGN_STYLE = Automatic;
				CURRENT_PROJECT_VERSION = 1;
				DEVELOPMENT_TEAM = M3XA3ETRDV;
				GENERATE_INFOPLIST_FILE = YES;
				MARKETING_VERSION = 1.0;
				PRODUCT_BUNDLE_IDENTIFIER = "com.mgarciate.n8n-workflows.watchkitapp.Watchflows-Watch-AppUITests";
				PRODUCT_NAME = "$(TARGET_NAME)";
				SDKROOT = watchos;
				SWIFT_EMIT_LOC_STRINGS = NO;
				SWIFT_VERSION = 5.0;
				TARGETED_DEVICE_FAMILY = 4;
				TEST_TARGET_NAME = "Watchflows Watch App";
				WATCHOS_DEPLOYMENT_TARGET = 11.0;
			};
			name = Release;
		};
/* End XCBuildConfiguration section */

/* Begin XCConfigurationList section */
		09EBD6E82C92D01800F05F4B /* Build configuration list for PBXProject "n8n-workflows-ios" */ = {
			isa = XCConfigurationList;
			buildConfigurations = (
				09EBD70F2C92D01A00F05F4B /* Debug */,
				09EBD7102C92D01A00F05F4B /* Release */,
			);
			defaultConfigurationIsVisible = 0;
			defaultConfigurationName = Release;
		};
		09EBD7112C92D01A00F05F4B /* Build configuration list for PBXNativeTarget "n8n-workflows-ios" */ = {
			isa = XCConfigurationList;
			buildConfigurations = (
				09EBD7122C92D01A00F05F4B /* Debug */,
				09EBD7132C92D01A00F05F4B /* Release */,
			);
			defaultConfigurationIsVisible = 0;
			defaultConfigurationName = Release;
		};
		09EBD7142C92D01A00F05F4B /* Build configuration list for PBXNativeTarget "n8n-workflows-iosTests" */ = {
			isa = XCConfigurationList;
			buildConfigurations = (
				09EBD7152C92D01A00F05F4B /* Debug */,
				09EBD7162C92D01A00F05F4B /* Release */,
			);
			defaultConfigurationIsVisible = 0;
			defaultConfigurationName = Release;
		};
		09EBD7172C92D01A00F05F4B /* Build configuration list for PBXNativeTarget "n8n-workflows-iosUITests" */ = {
			isa = XCConfigurationList;
			buildConfigurations = (
				09EBD7182C92D01A00F05F4B /* Debug */,
				09EBD7192C92D01A00F05F4B /* Release */,
			);
			defaultConfigurationIsVisible = 0;
			defaultConfigurationName = Release;
		};
		09FC4D572CB5231B00B5D31E /* Build configuration list for PBXNativeTarget "Watchflows Watch App" */ = {
			isa = XCConfigurationList;
			buildConfigurations = (
				09FC4D512CB5231B00B5D31E /* Debug */,
				09FC4D522CB5231B00B5D31E /* Release */,
			);
			defaultConfigurationIsVisible = 0;
			defaultConfigurationName = Release;
		};
		09FC4D582CB5231B00B5D31E /* Build configuration list for PBXNativeTarget "Watchflows Watch AppTests" */ = {
			isa = XCConfigurationList;
			buildConfigurations = (
				09FC4D532CB5231B00B5D31E /* Debug */,
				09FC4D542CB5231B00B5D31E /* Release */,
			);
			defaultConfigurationIsVisible = 0;
			defaultConfigurationName = Release;
		};
		09FC4D592CB5231B00B5D31E /* Build configuration list for PBXNativeTarget "Watchflows Watch AppUITests" */ = {
			isa = XCConfigurationList;
			buildConfigurations = (
				09FC4D552CB5231B00B5D31E /* Debug */,
				09FC4D562CB5231B00B5D31E /* Release */,
			);
			defaultConfigurationIsVisible = 0;
			defaultConfigurationName = Release;
		};
/* End XCConfigurationList section */
	};
	rootObject = 09EBD6E52C92D01800F05F4B /* Project object */;
}
